PODS:
  - Protobuf (3.29.5)
  - SSZipArchive (2.1.5)

DEPENDENCIES:
  - Protobuf (= 3.29.5)
  - SSZipArchive (~> 2.1.4)

SPEC REPOS:
  trunk:
    - Protobuf
    - SSZipArchive

SPEC CHECKSUMS:
  Protobuf: 164aea2ae380c3951abdc3e195220c01d17400e0
  SSZipArchive: cefe1364104a0231268a5deb8495bdf2861f52f0

PODFILE CHECKSUM: fa22110c719926bbb34f8daacf271ce66b8b0dfa

COCOAPODS: 1.15.2
